// !$*UTF8*$!
{
	archiveVersion = 1;
	classes = {
	};
	objectVersion = 51;
	objects = {

/* Begin PBXBuildFile section */
		7B51BD792EEDB8B7F365A5D4 /* Pods_seminar21Tests.framework in Frameworks */ = {isa = PBXBuildFile; fileRef = 5FA835DD28765E13CE06C476 /* Pods_seminar21Tests.framework */; };
		872E64E6AC740B9714210A8E /* Pods_seminar21_seminar21UITests.framework in Frameworks */ = {isa = PBXBuildFile; fileRef = 5E3E42AE7EB3C306D546BFF2 /* Pods_seminar21_seminar21UITests.framework */; };
		A0B6F585CC786DD8B4EDCA64 /* Pods_seminar21.framework in Frameworks */ = {isa = PBXBuildFile; fileRef = 03ED48AD0769EC2A1E32C973 /* Pods_seminar21.framework */; };
		EA3E1DB4236D4180002D6D91 /* APIServices.swift in Sources */ = {isa = PBXBuildFile; fileRef = EA3E1DB3236D4180002D6D91 /* APIServices.swift */; };
		EA3E1DB6236D4262002D6D91 /* APIConstants.swift in Sources */ = {isa = PBXBuildFile; fileRef = EA3E1DB5236D4262002D6D91 /* APIConstants.swift */; };
		EA3E1DB8236D435A002D6D91 /* ResponseString.swift in Sources */ = {isa = PBXBuildFile; fileRef = EA3E1DB7236D435A002D6D91 /* ResponseString.swift */; };
		EA3E1DBA236D4502002D6D91 /* LoginService.swift in Sources */ = {isa = PBXBuildFile; fileRef = EA3E1DB9236D4502002D6D91 /* LoginService.swift */; };
		EA3E1DBD236D5D5E002D6D91 /* SignupService.swift in Sources */ = {isa = PBXBuildFile; fileRef = EA3E1DBC236D5D5E002D6D91 /* SignupService.swift */; };
		EA3E1DBF236D5EA5002D6D91 /* ResponseDefault.swift in Sources */ = {isa = PBXBuildFile; fileRef = EA3E1DBE236D5EA5002D6D91 /* ResponseDefault.swift */; };
		EA3E1DC3236D675E002D6D91 /* UIViewController+Extention.swift in Sources */ = {isa = PBXBuildFile; fileRef = EA3E1DC2236D675E002D6D91 /* UIViewController+Extention.swift */; };
		EAD40B5F2351AFE4003937CD /* AppDelegate.swift in Sources */ = {isa = PBXBuildFile; fileRef = EAD40B5E2351AFE4003937CD /* AppDelegate.swift */; };
		EAD40B612351AFE4003937CD /* SceneDelegate.swift in Sources */ = {isa = PBXBuildFile; fileRef = EAD40B602351AFE4003937CD /* SceneDelegate.swift */; };
		EAD40B632351AFE4003937CD /* ViewController.swift in Sources */ = {isa = PBXBuildFile; fileRef = EAD40B622351AFE4003937CD /* ViewController.swift */; };
		EAD40B662351AFE4003937CD /* Main.storyboard in Resources */ = {isa = PBXBuildFile; fileRef = EAD40B642351AFE4003937CD /* Main.storyboard */; };
		EAD40B682351AFE5003937CD /* Assets.xcassets in Resources */ = {isa = PBXBuildFile; fileRef = EAD40B672351AFE5003937CD /* Assets.xcassets */; };
		EAD40B6B2351AFE5003937CD /* LaunchScreen.storyboard in Resources */ = {isa = PBXBuildFile; fileRef = EAD40B692351AFE5003937CD /* LaunchScreen.storyboard */; };
		EAD40B762351AFE5003937CD /* seminar21Tests.swift in Sources */ = {isa = PBXBuildFile; fileRef = EAD40B752351AFE5003937CD /* seminar21Tests.swift */; };
		EAD40B812351AFE5003937CD /* seminar21UITests.swift in Sources */ = {isa = PBXBuildFile; fileRef = EAD40B802351AFE5003937CD /* seminar21UITests.swift */; };
		EAD40B8F236414D4003937CD /* Storyboard_3sem.storyboard in Resources */ = {isa = PBXBuildFile; fileRef = EAD40B8E236414D4003937CD /* Storyboard_3sem.storyboard */; };
		EAD40B9323641CF4003937CD /* BannerCell.swift in Sources */ = {isa = PBXBuildFile; fileRef = EAD40B9223641CF4003937CD /* BannerCell.swift */; };
		EAD40B97236420F0003937CD /* Banner.swift in Sources */ = {isa = PBXBuildFile; fileRef = EAD40B96236420F0003937CD /* Banner.swift */; };
		EAD40B9923642208003937CD /* SecondVC.swift in Sources */ = {isa = PBXBuildFile; fileRef = EAD40B9823642208003937CD /* SecondVC.swift */; };
/* End PBXBuildFile section */

/* Begin PBXContainerItemProxy section */
		EAD40B722351AFE5003937CD /* PBXContainerItemProxy */ = {
			isa = PBXContainerItemProxy;
			containerPortal = EAD40B532351AFE4003937CD /* Project object */;
			proxyType = 1;
			remoteGlobalIDString = EAD40B5A2351AFE4003937CD;
			remoteInfo = seminar21;
		};
		EAD40B7D2351AFE5003937CD /* PBXContainerItemProxy */ = {
			isa = PBXContainerItemProxy;
			containerPortal = EAD40B532351AFE4003937CD /* Project object */;
			proxyType = 1;
			remoteGlobalIDString = EAD40B5A2351AFE4003937CD;
			remoteInfo = seminar21;
		};
/* End PBXContainerItemProxy section */

/* Begin PBXFileReference section */
		03ED48AD0769EC2A1E32C973 /* Pods_seminar21.framework */ = {isa = PBXFileReference; explicitFileType = wrapper.framework; includeInIndex = 0; path = Pods_seminar21.framework; sourceTree = BUILT_PRODUCTS_DIR; };
		21FC06EA6F39CA3BCE7D0D33 /* Pods-seminar21.release.xcconfig */ = {isa = PBXFileReference; includeInIndex = 1; lastKnownFileType = text.xcconfig; name = "Pods-seminar21.release.xcconfig"; path = "Target Support Files/Pods-seminar21/Pods-seminar21.release.xcconfig"; sourceTree = "<group>"; };
		4D57E3874379D81ED780EFA8 /* Pods-seminar21Tests.debug.xcconfig */ = {isa = PBXFileReference; includeInIndex = 1; lastKnownFileType = text.xcconfig; name = "Pods-seminar21Tests.debug.xcconfig"; path = "Target Support Files/Pods-seminar21Tests/Pods-seminar21Tests.debug.xcconfig"; sourceTree = "<group>"; };
		54DD6CDD248AE5CADAF6D865 /* Pods-seminar21.debug.xcconfig */ = {isa = PBXFileReference; includeInIndex = 1; lastKnownFileType = text.xcconfig; name = "Pods-seminar21.debug.xcconfig"; path = "Target Support Files/Pods-seminar21/Pods-seminar21.debug.xcconfig"; sourceTree = "<group>"; };
		5E3E42AE7EB3C306D546BFF2 /* Pods_seminar21_seminar21UITests.framework */ = {isa = PBXFileReference; explicitFileType = wrapper.framework; includeInIndex = 0; path = Pods_seminar21_seminar21UITests.framework; sourceTree = BUILT_PRODUCTS_DIR; };
		5FA835DD28765E13CE06C476 /* Pods_seminar21Tests.framework */ = {isa = PBXFileReference; explicitFileType = wrapper.framework; includeInIndex = 0; path = Pods_seminar21Tests.framework; sourceTree = BUILT_PRODUCTS_DIR; };
		8DDAE19BCA57F04E14C14BF1 /* Pods-seminar21-seminar21UITests.debug.xcconfig */ = {isa = PBXFileReference; includeInIndex = 1; lastKnownFileType = text.xcconfig; name = "Pods-seminar21-seminar21UITests.debug.xcconfig"; path = "Target Support Files/Pods-seminar21-seminar21UITests/Pods-seminar21-seminar21UITests.debug.xcconfig"; sourceTree = "<group>"; };
		AB9285C7B1089623B79D1C0F /* Pods-seminar21-seminar21UITests.release.xcconfig */ = {isa = PBXFileReference; includeInIndex = 1; lastKnownFileType = text.xcconfig; name = "Pods-seminar21-seminar21UITests.release.xcconfig"; path = "Target Support Files/Pods-seminar21-seminar21UITests/Pods-seminar21-seminar21UITests.release.xcconfig"; sourceTree = "<group>"; };
		EA3E1DB3236D4180002D6D91 /* APIServices.swift */ = {isa = PBXFileReference; lastKnownFileType = sourcecode.swift; path = APIServices.swift; sourceTree = "<group>"; };
		EA3E1DB5236D4262002D6D91 /* APIConstants.swift */ = {isa = PBXFileReference; lastKnownFileType = sourcecode.swift; path = APIConstants.swift; sourceTree = "<group>"; };
		EA3E1DB7236D435A002D6D91 /* ResponseString.swift */ = {isa = PBXFileReference; lastKnownFileType = sourcecode.swift; path = ResponseString.swift; sourceTree = "<group>"; };
		EA3E1DB9236D4502002D6D91 /* LoginService.swift */ = {isa = PBXFileReference; lastKnownFileType = sourcecode.swift; path = LoginService.swift; sourceTree = "<group>"; };
		EA3E1DBC236D5D5E002D6D91 /* SignupService.swift */ = {isa = PBXFileReference; lastKnownFileType = sourcecode.swift; path = SignupService.swift; sourceTree = "<group>"; };
		EA3E1DBE236D5EA5002D6D91 /* ResponseDefault.swift */ = {isa = PBXFileReference; lastKnownFileType = sourcecode.swift; path = ResponseDefault.swift; sourceTree = "<group>"; };
		EA3E1DC2236D675E002D6D91 /* UIViewController+Extention.swift */ = {isa = PBXFileReference; lastKnownFileType = sourcecode.swift; path = "UIViewController+Extention.swift"; sourceTree = "<group>"; };
		EAD40B5B2351AFE4003937CD /* seminar21.app */ = {isa = PBXFileReference; explicitFileType = wrapper.application; includeInIndex = 0; path = seminar21.app; sourceTree = BUILT_PRODUCTS_DIR; };
		EAD40B5E2351AFE4003937CD /* AppDelegate.swift */ = {isa = PBXFileReference; lastKnownFileType = sourcecode.swift; path = AppDelegate.swift; sourceTree = "<group>"; };
		EAD40B602351AFE4003937CD /* SceneDelegate.swift */ = {isa = PBXFileReference; lastKnownFileType = sourcecode.swift; path = SceneDelegate.swift; sourceTree = "<group>"; };
		EAD40B622351AFE4003937CD /* ViewController.swift */ = {isa = PBXFileReference; lastKnownFileType = sourcecode.swift; path = ViewController.swift; sourceTree = "<group>"; };
		EAD40B652351AFE4003937CD /* Base */ = {isa = PBXFileReference; lastKnownFileType = file.storyboard; name = Base; path = Base.lproj/Main.storyboard; sourceTree = "<group>"; };
		EAD40B672351AFE5003937CD /* Assets.xcassets */ = {isa = PBXFileReference; lastKnownFileType = folder.assetcatalog; path = Assets.xcassets; sourceTree = "<group>"; };
		EAD40B6A2351AFE5003937CD /* Base */ = {isa = PBXFileReference; lastKnownFileType = file.storyboard; name = Base; path = Base.lproj/LaunchScreen.storyboard; sourceTree = "<group>"; };
		EAD40B6C2351AFE5003937CD /* Info.plist */ = {isa = PBXFileReference; lastKnownFileType = text.plist.xml; path = Info.plist; sourceTree = "<group>"; };
		EAD40B712351AFE5003937CD /* seminar21Tests.xctest */ = {isa = PBXFileReference; explicitFileType = wrapper.cfbundle; includeInIndex = 0; path = seminar21Tests.xctest; sourceTree = BUILT_PRODUCTS_DIR; };
		EAD40B752351AFE5003937CD /* seminar21Tests.swift */ = {isa = PBXFileReference; lastKnownFileType = sourcecode.swift; path = seminar21Tests.swift; sourceTree = "<group>"; };
		EAD40B772351AFE5003937CD /* Info.plist */ = {isa = PBXFileReference; lastKnownFileType = text.plist.xml; path = Info.plist; sourceTree = "<group>"; };
		EAD40B7C2351AFE5003937CD /* seminar21UITests.xctest */ = {isa = PBXFileReference; explicitFileType = wrapper.cfbundle; includeInIndex = 0; path = seminar21UITests.xctest; sourceTree = BUILT_PRODUCTS_DIR; };
		EAD40B802351AFE5003937CD /* seminar21UITests.swift */ = {isa = PBXFileReference; lastKnownFileType = sourcecode.swift; path = seminar21UITests.swift; sourceTree = "<group>"; };
		EAD40B822351AFE5003937CD /* Info.plist */ = {isa = PBXFileReference; lastKnownFileType = text.plist.xml; path = Info.plist; sourceTree = "<group>"; };
		EAD40B8E236414D4003937CD /* Storyboard_3sem.storyboard */ = {isa = PBXFileReference; lastKnownFileType = file.storyboard; path = Storyboard_3sem.storyboard; sourceTree = "<group>"; };
		EAD40B9223641CF4003937CD /* BannerCell.swift */ = {isa = PBXFileReference; lastKnownFileType = sourcecode.swift; path = BannerCell.swift; sourceTree = "<group>"; };
		EAD40B96236420F0003937CD /* Banner.swift */ = {isa = PBXFileReference; lastKnownFileType = sourcecode.swift; path = Banner.swift; sourceTree = "<group>"; };
		EAD40B9823642208003937CD /* SecondVC.swift */ = {isa = PBXFileReference; lastKnownFileType = sourcecode.swift; path = SecondVC.swift; sourceTree = "<group>"; };
		EC6DBC5BCA06D7B3AE20F0C7 /* Pods-seminar21Tests.release.xcconfig */ = {isa = PBXFileReference; includeInIndex = 1; lastKnownFileType = text.xcconfig; name = "Pods-seminar21Tests.release.xcconfig"; path = "Target Support Files/Pods-seminar21Tests/Pods-seminar21Tests.release.xcconfig"; sourceTree = "<group>"; };
/* End PBXFileReference section */

/* Begin PBXFrameworksBuildPhase section */
		EAD40B582351AFE4003937CD /* Frameworks */ = {
			isa = PBXFrameworksBuildPhase;
			buildActionMask = 2147483647;
			files = (
				A0B6F585CC786DD8B4EDCA64 /* Pods_seminar21.framework in Frameworks */,
			);
			runOnlyForDeploymentPostprocessing = 0;
		};
		EAD40B6E2351AFE5003937CD /* Frameworks */ = {
			isa = PBXFrameworksBuildPhase;
			buildActionMask = 2147483647;
			files = (
				7B51BD792EEDB8B7F365A5D4 /* Pods_seminar21Tests.framework in Frameworks */,
			);
			runOnlyForDeploymentPostprocessing = 0;
		};
		EAD40B792351AFE5003937CD /* Frameworks */ = {
			isa = PBXFrameworksBuildPhase;
			buildActionMask = 2147483647;
			files = (
				872E64E6AC740B9714210A8E /* Pods_seminar21_seminar21UITests.framework in Frameworks */,
			);
			runOnlyForDeploymentPostprocessing = 0;
		};
/* End PBXFrameworksBuildPhase section */

/* Begin PBXGroup section */
		15D836F584275DE9033908E8 /* Frameworks */ = {
			isa = PBXGroup;
			children = (
				03ED48AD0769EC2A1E32C973 /* Pods_seminar21.framework */,
				5E3E42AE7EB3C306D546BFF2 /* Pods_seminar21_seminar21UITests.framework */,
				5FA835DD28765E13CE06C476 /* Pods_seminar21Tests.framework */,
			);
			name = Frameworks;
			sourceTree = "<group>";
		};
		6F9D1264E8D22CF4757C4E34 /* Pods */ = {
			isa = PBXGroup;
			children = (
				54DD6CDD248AE5CADAF6D865 /* Pods-seminar21.debug.xcconfig */,
				21FC06EA6F39CA3BCE7D0D33 /* Pods-seminar21.release.xcconfig */,
				8DDAE19BCA57F04E14C14BF1 /* Pods-seminar21-seminar21UITests.debug.xcconfig */,
				AB9285C7B1089623B79D1C0F /* Pods-seminar21-seminar21UITests.release.xcconfig */,
				4D57E3874379D81ED780EFA8 /* Pods-seminar21Tests.debug.xcconfig */,
				EC6DBC5BCA06D7B3AE20F0C7 /* Pods-seminar21Tests.release.xcconfig */,
			);
			path = Pods;
			sourceTree = "<group>";
		};
		EA3E1DBB236D4511002D6D91 /* APIServices */ = {
			isa = PBXGroup;
			children = (
				EA3E1DB3236D4180002D6D91 /* APIServices.swift */,
				EA3E1DB5236D4262002D6D91 /* APIConstants.swift */,
				EA3E1DB7236D435A002D6D91 /* ResponseString.swift */,
				EA3E1DB9236D4502002D6D91 /* LoginService.swift */,
				EA3E1DBC236D5D5E002D6D91 /* SignupService.swift */,
				EA3E1DBE236D5EA5002D6D91 /* ResponseDefault.swift */,
			);
			path = APIServices;
			sourceTree = "<group>";
		};
		EAD40B522351AFE4003937CD = {
			isa = PBXGroup;
			children = (
				EAD40B5D2351AFE4003937CD /* seminar21 */,
				EAD40B742351AFE5003937CD /* seminar21Tests */,
				EAD40B7F2351AFE5003937CD /* seminar21UITests */,
				EAD40B5C2351AFE4003937CD /* Products */,
				6F9D1264E8D22CF4757C4E34 /* Pods */,
				15D836F584275DE9033908E8 /* Frameworks */,
			);
			sourceTree = "<group>";
		};
		EAD40B5C2351AFE4003937CD /* Products */ = {
			isa = PBXGroup;
			children = (
				EAD40B5B2351AFE4003937CD /* seminar21.app */,
				EAD40B712351AFE5003937CD /* seminar21Tests.xctest */,
				EAD40B7C2351AFE5003937CD /* seminar21UITests.xctest */,
			);
			name = Products;
			sourceTree = "<group>";
		};
		EAD40B5D2351AFE4003937CD /* seminar21 */ = {
			isa = PBXGroup;
			children = (
				EAD40B91236417C8003937CD /* resources */,
				EAD40B90236417A9003937CD /* sources */,
				EAD40B5E2351AFE4003937CD /* AppDelegate.swift */,
				EAD40B602351AFE4003937CD /* SceneDelegate.swift */,
				EAD40B6C2351AFE5003937CD /* Info.plist */,
			);
			path = seminar21;
			sourceTree = "<group>";
		};
		EAD40B742351AFE5003937CD /* seminar21Tests */ = {
			isa = PBXGroup;
			children = (
				EAD40B752351AFE5003937CD /* seminar21Tests.swift */,
				EAD40B772351AFE5003937CD /* Info.plist */,
			);
			path = seminar21Tests;
			sourceTree = "<group>";
		};
		EAD40B7F2351AFE5003937CD /* seminar21UITests */ = {
			isa = PBXGroup;
			children = (
				EAD40B802351AFE5003937CD /* seminar21UITests.swift */,
				EAD40B822351AFE5003937CD /* Info.plist */,
			);
			path = seminar21UITests;
			sourceTree = "<group>";
		};
		EAD40B90236417A9003937CD /* sources */ = {
			isa = PBXGroup;
			children = (
				EAD40B622351AFE4003937CD /* ViewController.swift */,
				EAD40B9223641CF4003937CD /* BannerCell.swift */,
				EAD40B96236420F0003937CD /* Banner.swift */,
				EAD40B9823642208003937CD /* SecondVC.swift */,
				EA3E1DC2236D675E002D6D91 /* UIViewController+Extention.swift */,
			);
			path = sources;
			sourceTree = "<group>";
		};
		EAD40B91236417C8003937CD /* resources */ = {
			isa = PBXGroup;
			children = (
				EAD40B642351AFE4003937CD /* Main.storyboard */,
				EAD40B692351AFE5003937CD /* LaunchScreen.storyboard */,
				EAD40B8E236414D4003937CD /* Storyboard_3sem.storyboard */,
				EAD40B672351AFE5003937CD /* Assets.xcassets */,
				EA3E1DBB236D4511002D6D91 /* APIServices */,
			);
			path = resources;
			sourceTree = "<group>";
		};
/* End PBXGroup section */

/* Begin PBXNativeTarget section */
		EAD40B5A2351AFE4003937CD /* seminar21 */ = {
			isa = PBXNativeTarget;
			buildConfigurationList = EAD40B852351AFE5003937CD /* Build configuration list for PBXNativeTarget "seminar21" */;
			buildPhases = (
				AC5A4CEF00307110B85407EF /* [CP] Check Pods Manifest.lock */,
				EAD40B572351AFE4003937CD /* Sources */,
				EAD40B582351AFE4003937CD /* Frameworks */,
				EAD40B592351AFE4003937CD /* Resources */,
				83E566D5D12974532F669F55 /* [CP] Embed Pods Frameworks */,
			);
			buildRules = (
			);
			dependencies = (
			);
			name = seminar21;
			productName = seminar21;
			productReference = EAD40B5B2351AFE4003937CD /* seminar21.app */;
			productType = "com.apple.product-type.application";
		};
		EAD40B702351AFE5003937CD /* seminar21Tests */ = {
			isa = PBXNativeTarget;
			buildConfigurationList = EAD40B882351AFE5003937CD /* Build configuration list for PBXNativeTarget "seminar21Tests" */;
			buildPhases = (
				C6A788F199121FAB8C044A33 /* [CP] Check Pods Manifest.lock */,
				EAD40B6D2351AFE5003937CD /* Sources */,
				EAD40B6E2351AFE5003937CD /* Frameworks */,
				EAD40B6F2351AFE5003937CD /* Resources */,
			);
			buildRules = (
			);
			dependencies = (
				EAD40B732351AFE5003937CD /* PBXTargetDependency */,
			);
			name = seminar21Tests;
			productName = seminar21Tests;
			productReference = EAD40B712351AFE5003937CD /* seminar21Tests.xctest */;
			productType = "com.apple.product-type.bundle.unit-test";
		};
		EAD40B7B2351AFE5003937CD /* seminar21UITests */ = {
			isa = PBXNativeTarget;
			buildConfigurationList = EAD40B8B2351AFE5003937CD /* Build configuration list for PBXNativeTarget "seminar21UITests" */;
			buildPhases = (
				9F41218FABA18A2204DCE52E /* [CP] Check Pods Manifest.lock */,
				EAD40B782351AFE5003937CD /* Sources */,
				EAD40B792351AFE5003937CD /* Frameworks */,
				EAD40B7A2351AFE5003937CD /* Resources */,
				BFBB91E9144883CDFC1A4D09 /* [CP] Embed Pods Frameworks */,
			);
			buildRules = (
			);
			dependencies = (
				EAD40B7E2351AFE5003937CD /* PBXTargetDependency */,
			);
			name = seminar21UITests;
			productName = seminar21UITests;
			productReference = EAD40B7C2351AFE5003937CD /* seminar21UITests.xctest */;
			productType = "com.apple.product-type.bundle.ui-testing";
		};
/* End PBXNativeTarget section */

/* Begin PBXProject section */
		EAD40B532351AFE4003937CD /* Project object */ = {
			isa = PBXProject;
			attributes = {
				LastSwiftUpdateCheck = 1110;
				LastUpgradeCheck = 1110;
				ORGANIZATIONNAME = yujeong;
				TargetAttributes = {
					EAD40B5A2351AFE4003937CD = {
						CreatedOnToolsVersion = 11.1;
					};
					EAD40B702351AFE5003937CD = {
						CreatedOnToolsVersion = 11.1;
						TestTargetID = EAD40B5A2351AFE4003937CD;
					};
					EAD40B7B2351AFE5003937CD = {
						CreatedOnToolsVersion = 11.1;
						TestTargetID = EAD40B5A2351AFE4003937CD;
					};
				};
			};
			buildConfigurationList = EAD40B562351AFE4003937CD /* Build configuration list for PBXProject "seminar21" */;
			compatibilityVersion = "Xcode 9.3";
			developmentRegion = en;
			hasScannedForEncodings = 0;
			knownRegions = (
				en,
				Base,
			);
			mainGroup = EAD40B522351AFE4003937CD;
			productRefGroup = EAD40B5C2351AFE4003937CD /* Products */;
			projectDirPath = "";
			projectRoot = "";
			targets = (
				EAD40B5A2351AFE4003937CD /* seminar21 */,
				EAD40B702351AFE5003937CD /* seminar21Tests */,
				EAD40B7B2351AFE5003937CD /* seminar21UITests */,
			);
		};
/* End PBXProject section */

/* Begin PBXResourcesBuildPhase section */
		EAD40B592351AFE4003937CD /* Resources */ = {
			isa = PBXResourcesBuildPhase;
			buildActionMask = 2147483647;
			files = (
				EAD40B6B2351AFE5003937CD /* LaunchScreen.storyboard in Resources */,
				EAD40B8F236414D4003937CD /* Storyboard_3sem.storyboard in Resources */,
				EAD40B682351AFE5003937CD /* Assets.xcassets in Resources */,
				EAD40B662351AFE4003937CD /* Main.storyboard in Resources */,
			);
			runOnlyForDeploymentPostprocessing = 0;
		};
		EAD40B6F2351AFE5003937CD /* Resources */ = {
			isa = PBXResourcesBuildPhase;
			buildActionMask = 2147483647;
			files = (
			);
			runOnlyForDeploymentPostprocessing = 0;
		};
		EAD40B7A2351AFE5003937CD /* Resources */ = {
			isa = PBXResourcesBuildPhase;
			buildActionMask = 2147483647;
			files = (
			);
			runOnlyForDeploymentPostprocessing = 0;
		};
/* End PBXResourcesBuildPhase section */

/* Begin PBXShellScriptBuildPhase section */
		83E566D5D12974532F669F55 /* [CP] Embed Pods Frameworks */ = {
			isa = PBXShellScriptBuildPhase;
			buildActionMask = 2147483647;
			files = (
			);
			inputFileListPaths = (
				"${PODS_ROOT}/Target Support Files/Pods-seminar21/Pods-seminar21-frameworks-${CONFIGURATION}-input-files.xcfilelist",
			);
			name = "[CP] Embed Pods Frameworks";
			outputFileListPaths = (
				"${PODS_ROOT}/Target Support Files/Pods-seminar21/Pods-seminar21-frameworks-${CONFIGURATION}-output-files.xcfilelist",
			);
			runOnlyForDeploymentPostprocessing = 0;
			shellPath = /bin/sh;
			shellScript = "\"${PODS_ROOT}/Target Support Files/Pods-seminar21/Pods-seminar21-frameworks.sh\"\n";
			showEnvVarsInLog = 0;
		};
		9F41218FABA18A2204DCE52E /* [CP] Check Pods Manifest.lock */ = {
			isa = PBXShellScriptBuildPhase;
			buildActionMask = 2147483647;
			files = (
			);
			inputFileListPaths = (
			);
			inputPaths = (
				"${PODS_PODFILE_DIR_PATH}/Podfile.lock",
				"${PODS_ROOT}/Manifest.lock",
			);
			name = "[CP] Check Pods Manifest.lock";
			outputFileListPaths = (
			);
			outputPaths = (
				"$(DERIVED_FILE_DIR)/Pods-seminar21-seminar21UITests-checkManifestLockResult.txt",
			);
			runOnlyForDeploymentPostprocessing = 0;
			shellPath = /bin/sh;
			shellScript = "diff \"${PODS_PODFILE_DIR_PATH}/Podfile.lock\" \"${PODS_ROOT}/Manifest.lock\" > /dev/null\nif [ $? != 0 ] ; then\n    # print error to STDERR\n    echo \"error: The sandbox is not in sync with the Podfile.lock. Run 'pod install' or update your CocoaPods installation.\" >&2\n    exit 1\nfi\n# This output is used by Xcode 'outputs' to avoid re-running this script phase.\necho \"SUCCESS\" > \"${SCRIPT_OUTPUT_FILE_0}\"\n";
			showEnvVarsInLog = 0;
		};
		AC5A4CEF00307110B85407EF /* [CP] Check Pods Manifest.lock */ = {
			isa = PBXShellScriptBuildPhase;
			buildActionMask = 2147483647;
			files = (
			);
			inputFileListPaths = (
			);
			inputPaths = (
				"${PODS_PODFILE_DIR_PATH}/Podfile.lock",
				"${PODS_ROOT}/Manifest.lock",
			);
			name = "[CP] Check Pods Manifest.lock";
			outputFileListPaths = (
			);
			outputPaths = (
				"$(DERIVED_FILE_DIR)/Pods-seminar21-checkManifestLockResult.txt",
			);
			runOnlyForDeploymentPostprocessing = 0;
			shellPath = /bin/sh;
			shellScript = "diff \"${PODS_PODFILE_DIR_PATH}/Podfile.lock\" \"${PODS_ROOT}/Manifest.lock\" > /dev/null\nif [ $? != 0 ] ; then\n    # print error to STDERR\n    echo \"error: The sandbox is not in sync with the Podfile.lock. Run 'pod install' or update your CocoaPods installation.\" >&2\n    exit 1\nfi\n# This output is used by Xcode 'outputs' to avoid re-running this script phase.\necho \"SUCCESS\" > \"${SCRIPT_OUTPUT_FILE_0}\"\n";
			showEnvVarsInLog = 0;
		};
		BFBB91E9144883CDFC1A4D09 /* [CP] Embed Pods Frameworks */ = {
			isa = PBXShellScriptBuildPhase;
			buildActionMask = 2147483647;
			files = (
			);
			inputFileListPaths = (
				"${PODS_ROOT}/Target Support Files/Pods-seminar21-seminar21UITests/Pods-seminar21-seminar21UITests-frameworks-${CONFIGURATION}-input-files.xcfilelist",
			);
			name = "[CP] Embed Pods Frameworks";
			outputFileListPaths = (
				"${PODS_ROOT}/Target Support Files/Pods-seminar21-seminar21UITests/Pods-seminar21-seminar21UITests-frameworks-${CONFIGURATION}-output-files.xcfilelist",
			);
			runOnlyForDeploymentPostprocessing = 0;
			shellPath = /bin/sh;
			shellScript = "\"${PODS_ROOT}/Target Support Files/Pods-seminar21-seminar21UITests/Pods-seminar21-seminar21UITests-frameworks.sh\"\n";
			showEnvVarsInLog = 0;
		};
		C6A788F199121FAB8C044A33 /* [CP] Check Pods Manifest.lock */ = {
			isa = PBXShellScriptBuildPhase;
			buildActionMask = 2147483647;
			files = (
			);
			inputFileListPaths = (
			);
			inputPaths = (
				"${PODS_PODFILE_DIR_PATH}/Podfile.lock",
				"${PODS_ROOT}/Manifest.lock",
			);
			name = "[CP] Check Pods Manifest.lock";
			outputFileListPaths = (
			);
			outputPaths = (
				"$(DERIVED_FILE_DIR)/Pods-seminar21Tests-checkManifestLockResult.txt",
			);
			runOnlyForDeploymentPostprocessing = 0;
			shellPath = /bin/sh;
			shellScript = "diff \"${PODS_PODFILE_DIR_PATH}/Podfile.lock\" \"${PODS_ROOT}/Manifest.lock\" > /dev/null\nif [ $? != 0 ] ; then\n    # print error to STDERR\n    echo \"error: The sandbox is not in sync with the Podfile.lock. Run 'pod install' or update your CocoaPods installation.\" >&2\n    exit 1\nfi\n# This output is used by Xcode 'outputs' to avoid re-running this script phase.\necho \"SUCCESS\" > \"${SCRIPT_OUTPUT_FILE_0}\"\n";
			showEnvVarsInLog = 0;
		};
/* End PBXShellScriptBuildPhase section */

/* Begin PBXSourcesBuildPhase section */
		EAD40B572351AFE4003937CD /* Sources */ = {
			isa = PBXSourcesBuildPhase;
			buildActionMask = 2147483647;
			files = (
				EAD40B632351AFE4003937CD /* ViewController.swift in Sources */,
				EAD40B9323641CF4003937CD /* BannerCell.swift in Sources */,
				EAD40B97236420F0003937CD /* Banner.swift in Sources */,
				EA3E1DB8236D435A002D6D91 /* ResponseString.swift in Sources */,
				EA3E1DBD236D5D5E002D6D91 /* SignupService.swift in Sources */,
				EAD40B5F2351AFE4003937CD /* AppDelegate.swift in Sources */,
				EA3E1DC3236D675E002D6D91 /* UIViewController+Extention.swift in Sources */,
				EA3E1DB6236D4262002D6D91 /* APIConstants.swift in Sources */,
				EAD40B9923642208003937CD /* SecondVC.swift in Sources */,
				EA3E1DBF236D5EA5002D6D91 /* ResponseDefault.swift in Sources */,
				EA3E1DBA236D4502002D6D91 /* LoginService.swift in Sources */,
				EA3E1DB4236D4180002D6D91 /* APIServices.swift in Sources */,
				EAD40B612351AFE4003937CD /* SceneDelegate.swift in Sources */,
			);
			runOnlyForDeploymentPostprocessing = 0;
		};
		EAD40B6D2351AFE5003937CD /* Sources */ = {
			isa = PBXSourcesBuildPhase;
			buildActionMask = 2147483647;
			files = (
				EAD40B762351AFE5003937CD /* seminar21Tests.swift in Sources */,
			);
			runOnlyForDeploymentPostprocessing = 0;
		};
		EAD40B782351AFE5003937CD /* Sources */ = {
			isa = PBXSourcesBuildPhase;
			buildActionMask = 2147483647;
			files = (
				EAD40B812351AFE5003937CD /* seminar21UITests.swift in Sources */,
			);
			runOnlyForDeploymentPostprocessing = 0;
		};
/* End PBXSourcesBuildPhase section */

/* Begin PBXTargetDependency section */
		EAD40B732351AFE5003937CD /* PBXTargetDependency */ = {
			isa = PBXTargetDependency;
			target = EAD40B5A2351AFE4003937CD /* seminar21 */;
			targetProxy = EAD40B722351AFE5003937CD /* PBXContainerItemProxy */;
		};
		EAD40B7E2351AFE5003937CD /* PBXTargetDependency */ = {
			isa = PBXTargetDependency;
			target = EAD40B5A2351AFE4003937CD /* seminar21 */;
			targetProxy = EAD40B7D2351AFE5003937CD /* PBXContainerItemProxy */;
		};
/* End PBXTargetDependency section */

/* Begin PBXVariantGroup section */
		EAD40B642351AFE4003937CD /* Main.storyboard */ = {
			isa = PBXVariantGroup;
			children = (
				EAD40B652351AFE4003937CD /* Base */,
			);
			name = Main.storyboard;
			sourceTree = "<group>";
		};
		EAD40B692351AFE5003937CD /* LaunchScreen.storyboard */ = {
			isa = PBXVariantGroup;
			children = (
				EAD40B6A2351AFE5003937CD /* Base */,
			);
			name = LaunchScreen.storyboard;
			sourceTree = "<group>";
		};
/* End PBXVariantGroup section */

/* Begin XCBuildConfiguration section */
		EAD40B832351AFE5003937CD /* Debug */ = {
			isa = XCBuildConfiguration;
			buildSettings = {
				ALWAYS_SEARCH_USER_PATHS = NO;
				CLANG_ANALYZER_NONNULL = YES;
				CLANG_ANALYZER_NUMBER_OBJECT_CONVERSION = YES_AGGRESSIVE;
				CLANG_CXX_LANGUAGE_STANDARD = "gnu++14";
				CLANG_CXX_LIBRARY = "libc++";
				CLANG_ENABLE_MODULES = YES;
				CLANG_ENABLE_OBJC_ARC = YES;
				CLANG_ENABLE_OBJC_WEAK = YES;
				CLANG_WARN_BLOCK_CAPTURE_AUTORELEASING = YES;
				CLANG_WARN_BOOL_CONVERSION = YES;
				CLANG_WARN_COMMA = YES;
				CLANG_WARN_CONSTANT_CONVERSION = YES;
				CLANG_WARN_DEPRECATED_OBJC_IMPLEMENTATIONS = YES;
				CLANG_WARN_DIRECT_OBJC_ISA_USAGE = YES_ERROR;
				CLANG_WARN_DOCUMENTATION_COMMENTS = YES;
				CLANG_WARN_EMPTY_BODY = YES;
				CLANG_WARN_ENUM_CONVERSION = YES;
				CLANG_WARN_INFINITE_RECURSION = YES;
				CLANG_WARN_INT_CONVERSION = YES;
				CLANG_WARN_NON_LITERAL_NULL_CONVERSION = YES;
				CLANG_WARN_OBJC_IMPLICIT_RETAIN_SELF = YES;
				CLANG_WARN_OBJC_LITERAL_CONVERSION = YES;
				CLANG_WARN_OBJC_ROOT_CLASS = YES_ERROR;
				CLANG_WARN_RANGE_LOOP_ANALYSIS = YES;
				CLANG_WARN_STRICT_PROTOTYPES = YES;
				CLANG_WARN_SUSPICIOUS_MOVE = YES;
				CLANG_WARN_UNGUARDED_AVAILABILITY = YES_AGGRESSIVE;
				CLANG_WARN_UNREACHABLE_CODE = YES;
				CLANG_WARN__DUPLICATE_METHOD_MATCH = YES;
				COPY_PHASE_STRIP = NO;
				DEBUG_INFORMATION_FORMAT = dwarf;
				ENABLE_STRICT_OBJC_MSGSEND = YES;
				ENABLE_TESTABILITY = YES;
				GCC_C_LANGUAGE_STANDARD = gnu11;
				GCC_DYNAMIC_NO_PIC = NO;
				GCC_NO_COMMON_BLOCKS = YES;
				GCC_OPTIMIZATION_LEVEL = 0;
				GCC_PREPROCESSOR_DEFINITIONS = (
					"DEBUG=1",
					"$(inherited)",
				);
				GCC_WARN_64_TO_32_BIT_CONVERSION = YES;
				GCC_WARN_ABOUT_RETURN_TYPE = YES_ERROR;
				GCC_WARN_UNDECLARED_SELECTOR = YES;
				GCC_WARN_UNINITIALIZED_AUTOS = YES_AGGRESSIVE;
				GCC_WARN_UNUSED_FUNCTION = YES;
				GCC_WARN_UNUSED_VARIABLE = YES;
				IPHONEOS_DEPLOYMENT_TARGET = 13.1;
				MTL_ENABLE_DEBUG_INFO = INCLUDE_SOURCE;
				MTL_FAST_MATH = YES;
				ONLY_ACTIVE_ARCH = YES;
				SDKROOT = iphoneos;
				SWIFT_ACTIVE_COMPILATION_CONDITIONS = DEBUG;
				SWIFT_OPTIMIZATION_LEVEL = "-Onone";
			};
			name = Debug;
		};
		EAD40B842351AFE5003937CD /* Release */ = {
			isa = XCBuildConfiguration;
			buildSettings = {
				ALWAYS_SEARCH_USER_PATHS = NO;
				CLANG_ANALYZER_NONNULL = YES;
				CLANG_ANALYZER_NUMBER_OBJECT_CONVERSION = YES_AGGRESSIVE;
				CLANG_CXX_LANGUAGE_STANDARD = "gnu++14";
				CLANG_CXX_LIBRARY = "libc++";
				CLANG_ENABLE_MODULES = YES;
				CLANG_ENABLE_OBJC_ARC = YES;
				CLANG_ENABLE_OBJC_WEAK = YES;
				CLANG_WARN_BLOCK_CAPTURE_AUTORELEASING = YES;
				CLANG_WARN_BOOL_CONVERSION = YES;
				CLANG_WARN_COMMA = YES;
				CLANG_WARN_CONSTANT_CONVERSION = YES;
				CLANG_WARN_DEPRECATED_OBJC_IMPLEMENTATIONS = YES;
				CLANG_WARN_DIRECT_OBJC_ISA_USAGE = YES_ERROR;
				CLANG_WARN_DOCUMENTATION_COMMENTS = YES;
				CLANG_WARN_EMPTY_BODY = YES;
				CLANG_WARN_ENUM_CONVERSION = YES;
				CLANG_WARN_INFINITE_RECURSION = YES;
				CLANG_WARN_INT_CONVERSION = YES;
				CLANG_WARN_NON_LITERAL_NULL_CONVERSION = YES;
				CLANG_WARN_OBJC_IMPLICIT_RETAIN_SELF = YES;
				CLANG_WARN_OBJC_LITERAL_CONVERSION = YES;
				CLANG_WARN_OBJC_ROOT_CLASS = YES_ERROR;
				CLANG_WARN_RANGE_LOOP_ANALYSIS = YES;
				CLANG_WARN_STRICT_PROTOTYPES = YES;
				CLANG_WARN_SUSPICIOUS_MOVE = YES;
				CLANG_WARN_UNGUARDED_AVAILABILITY = YES_AGGRESSIVE;
				CLANG_WARN_UNREACHABLE_CODE = YES;
				CLANG_WARN__DUPLICATE_METHOD_MATCH = YES;
				COPY_PHASE_STRIP = NO;
				DEBUG_INFORMATION_FORMAT = "dwarf-with-dsym";
				ENABLE_NS_ASSERTIONS = NO;
				ENABLE_STRICT_OBJC_MSGSEND = YES;
				GCC_C_LANGUAGE_STANDARD = gnu11;
				GCC_NO_COMMON_BLOCKS = YES;
				GCC_WARN_64_TO_32_BIT_CONVERSION = YES;
				GCC_WARN_ABOUT_RETURN_TYPE = YES_ERROR;
				GCC_WARN_UNDECLARED_SELECTOR = YES;
				GCC_WARN_UNINITIALIZED_AUTOS = YES_AGGRESSIVE;
				GCC_WARN_UNUSED_FUNCTION = YES;
				GCC_WARN_UNUSED_VARIABLE = YES;
				IPHONEOS_DEPLOYMENT_TARGET = 13.1;
				MTL_ENABLE_DEBUG_INFO = NO;
				MTL_FAST_MATH = YES;
				SDKROOT = iphoneos;
				SWIFT_COMPILATION_MODE = wholemodule;
				SWIFT_OPTIMIZATION_LEVEL = "-O";
				VALIDATE_PRODUCT = YES;
			};
			name = Release;
		};
		EAD40B862351AFE5003937CD /* Debug */ = {
			isa = XCBuildConfiguration;
			baseConfigurationReference = 54DD6CDD248AE5CADAF6D865 /* Pods-seminar21.debug.xcconfig */;
			buildSettings = {
				ASSETCATALOG_COMPILER_APPICON_NAME = AppIcon;
				CODE_SIGN_STYLE = Automatic;
				DEVELOPMENT_TEAM = 6KUJ5XKFP6;
				INFOPLIST_FILE = seminar21/Info.plist;
				LD_RUNPATH_SEARCH_PATHS = (
					"$(inherited)",
					"@executable_path/Frameworks",
				);
				PRODUCT_BUNDLE_IDENTIFIER = SOPT.seminar21;
				PRODUCT_NAME = seminar21;
				SWIFT_VERSION = 5.0;
				TARGETED_DEVICE_FAMILY = "1,2";
			};
			name = Debug;
		};
		EAD40B872351AFE5003937CD /* Release */ = {
			isa = XCBuildConfiguration;
			baseConfigurationReference = 21FC06EA6F39CA3BCE7D0D33 /* Pods-seminar21.release.xcconfig */;
			buildSettings = {
				ASSETCATALOG_COMPILER_APPICON_NAME = AppIcon;
				CODE_SIGN_STYLE = Automatic;
				DEVELOPMENT_TEAM = 6KUJ5XKFP6;
				INFOPLIST_FILE = seminar21/Info.plist;
				LD_RUNPATH_SEARCH_PATHS = (
					"$(inherited)",
					"@executable_path/Frameworks",
				);
				PRODUCT_BUNDLE_IDENTIFIER = SOPT.seminar21;
				PRODUCT_NAME = seminar21;
				SWIFT_VERSION = 5.0;
				TARGETED_DEVICE_FAMILY = "1,2";
			};
			name = Release;
		};
		EAD40B892351AFE5003937CD /* Debug */ = {
			isa = XCBuildConfiguration;
			baseConfigurationReference = 4D57E3874379D81ED780EFA8 /* Pods-seminar21Tests.debug.xcconfig */;
			buildSettings = {
				ALWAYS_EMBED_SWIFT_STANDARD_LIBRARIES = YES;
				BUNDLE_LOADER = "$(TEST_HOST)";
				CODE_SIGN_STYLE = Automatic;
				DEVELOPMENT_TEAM = 6KUJ5XKFP6;
				INFOPLIST_FILE = seminar21Tests/Info.plist;
				IPHONEOS_DEPLOYMENT_TARGET = 13.1;
				LD_RUNPATH_SEARCH_PATHS = (
					"$(inherited)",
					"@executable_path/Frameworks",
					"@loader_path/Frameworks",
				);
				PRODUCT_BUNDLE_IDENTIFIER = SOPT.seminar21Tests;
				PRODUCT_NAME = "$(TARGET_NAME)";
				SWIFT_VERSION = 5.0;
				TARGETED_DEVICE_FAMILY = "1,2";
				TEST_HOST = "$(BUILT_PRODUCTS_DIR)/seminar21.app/seminar21";
			};
			name = Debug;
		};
		EAD40B8A2351AFE5003937CD /* Release */ = {
			isa = XCBuildConfiguration;
			baseConfigurationReference = EC6DBC5BCA06D7B3AE20F0C7 /* Pods-seminar21Tests.release.xcconfig */;
			buildSettings = {
				ALWAYS_EMBED_SWIFT_STANDARD_LIBRARIES = YES;
				BUNDLE_LOADER = "$(TEST_HOST)";
				CODE_SIGN_STYLE = Automatic;
				DEVELOPMENT_TEAM = 6KUJ5XKFP6;
				INFOPLIST_FILE = seminar21Tests/Info.plist;
				IPHONEOS_DEPLOYMENT_TARGET = 13.1;
				LD_RUNPATH_SEARCH_PATHS = (
					"$(inherited)",
					"@executable_path/Frameworks",
					"@loader_path/Frameworks",
				);
				PRODUCT_BUNDLE_IDENTIFIER = SOPT.seminar21Tests;
				PRODUCT_NAME = "$(TARGET_NAME)";
				SWIFT_VERSION = 5.0;
				TARGETED_DEVICE_FAMILY = "1,2";
				TEST_HOST = "$(BUILT_PRODUCTS_DIR)/seminar21.app/seminar21";
			};
			name = Release;
		};
		EAD40B8C2351AFE5003937CD /* Debug */ = {
			isa = XCBuildConfiguration;
			baseConfigurationReference = 8DDAE19BCA57F04E14C14BF1 /* Pods-seminar21-seminar21UITests.debug.xcconfig */;
			buildSettings = {
				ALWAYS_EMBED_SWIFT_STANDARD_LIBRARIES = YES;
				CODE_SIGN_STYLE = Automatic;
				DEVELOPMENT_TEAM = 6KUJ5XKFP6;
				INFOPLIST_FILE = seminar21UITests/Info.plist;
				LD_RUNPATH_SEARCH_PATHS = (
					"$(inherited)",
					"@executable_path/Frameworks",
					"@loader_path/Frameworks",
				);
				PRODUCT_BUNDLE_IDENTIFIER = SOPT.seminar21UITests;
				PRODUCT_NAME = "$(TARGET_NAME)";
				SWIFT_VERSION = 5.0;
				TARGETED_DEVICE_FAMILY = "1,2";
				TEST_TARGET_NAME = seminar21;
			};
			name = Debug;
		};
		EAD40B8D2351AFE5003937CD /* Release */ = {
			isa = XCBuildConfiguration;
			baseConfigurationReference = AB9285C7B1089623B79D1C0F /* Pods-seminar21-seminar21UITests.release.xcconfig */;
			buildSettings = {
				ALWAYS_EMBED_SWIFT_STANDARD_LIBRARIES = YES;
				CODE_SIGN_STYLE = Automatic;
				DEVELOPMENT_TEAM = 6KUJ5XKFP6;
				INFOPLIST_FILE = seminar21UITests/Info.plist;
				LD_RUNPATH_SEARCH_PATHS = (
					"$(inherited)",
					"@executable_path/Frameworks",
					"@loader_path/Frameworks",
				);
				PRODUCT_BUNDLE_IDENTIFIER = SOPT.seminar21UITests;
				PRODUCT_NAME = "$(TARGET_NAME)";
				SWIFT_VERSION = 5.0;
				TARGETED_DEVICE_FAMILY = "1,2";
				TEST_TARGET_NAME = seminar21;
			};
			name = Release;
		};
/* End XCBuildConfiguration section */

/* Begin XCConfigurationList section */
		EAD40B562351AFE4003937CD /* Build configuration list for PBXProject "seminar21" */ = {
			isa = XCConfigurationList;
			buildConfigurations = (
				EAD40B832351AFE5003937CD /* Debug */,
				EAD40B842351AFE5003937CD /* Release */,
			);
			defaultConfigurationIsVisible = 0;
			defaultConfigurationName = Release;
		};
		EAD40B852351AFE5003937CD /* Build configuration list for PBXNativeTarget "seminar21" */ = {
			isa = XCConfigurationList;
			buildConfigurations = (
				EAD40B862351AFE5003937CD /* Debug */,
				EAD40B872351AFE5003937CD /* Release */,
			);
			defaultConfigurationIsVisible = 0;
			defaultConfigurationName = Release;
		};
		EAD40B882351AFE5003937CD /* Build configuration list for PBXNativeTarget "seminar21Tests" */ = {
			isa = XCConfigurationList;
			buildConfigurations = (
				EAD40B892351AFE5003937CD /* Debug */,
				EAD40B8A2351AFE5003937CD /* Release */,
			);
			defaultConfigurationIsVisible = 0;
			defaultConfigurationName = Release;
		};
		EAD40B8B2351AFE5003937CD /* Build configuration list for PBXNativeTarget "seminar21UITests" */ = {
			isa = XCConfigurationList;
			buildConfigurations = (
				EAD40B8C2351AFE5003937CD /* Debug */,
				EAD40B8D2351AFE5003937CD /* Release */,
			);
			defaultConfigurationIsVisible = 0;
			defaultConfigurationName = Release;
		};
/* End XCConfigurationList section */
	};
	rootObject = EAD40B532351AFE4003937CD /* Project object */;
}
